
Microsoft Visual Studio Solution File, Format Version 12.00
# Visual Studio Version 16
VisualStudioVersion = 16.0.33130.400
MinimumVisualStudioVersion = 10.0.40219.1
Project("{FAE04EC0-301F-11D3-BF4B-00C04F79EFBC}") = "Testing", "Testing\Testing.csproj", "{2190C77D-9339-4CD0-A834-DCE527E978BB}"
EndProject
Global
	GlobalSection(SolutionConfigurationPlatforms) = preSolution
		Debug|Any CPU = Debug|Any CPU
		Release|Any CPU = Release|Any CPU
	EndGlobalSection
	GlobalSection(ProjectConfigurationPlatforms) = postSolution
		{2190C77D-9339-4CD0-A834-DCE527E978BB}.Debug|Any CPU.ActiveCfg = Debug|Any CPU
		{2190C77D-9339-4CD0-A834-DCE527E978BB}.Debug|Any CPU.Build.0 = Debug|Any CPU
		{2190C77D-9339-4CD0-A834-DCE527E978BB}.Release|Any CPU.ActiveCfg = Release|Any CPU
		{2190C77D-9339-4CD0-A834-DCE527E978BB}.Release|Any CPU.Build.0 = Release|Any CPU
	EndGlobalSection
	GlobalSection(SolutionProperties) = preSolution
		HideSolutionNode = FALSE
	EndGlobalSection
	GlobalSection(ExtensibilityGlobals) = postSolution
		SolutionGuid = {503CF10E-C91F-4ABF-8D36-33E3E17954FA}
	EndGlobalSection
EndGlobal
